// !$*UTF8*$!
{
	archiveVersion = 1;
	classes = {
	};
	objectVersion = 50;
	objects = {

/* Begin PBXBuildFile section */
		019A505F222F62DA00306810 /* AppDelegate.swift in Sources */ = {isa = PBXBuildFile; fileRef = 019A505E222F62DA00306810 /* AppDelegate.swift */; };
		019A5061222F62DA00306810 /* ViewController.swift in Sources */ = {isa = PBXBuildFile; fileRef = 019A5060222F62DA00306810 /* ViewController.swift */; };
		019A5064222F62DA00306810 /* Main.storyboard in Resources */ = {isa = PBXBuildFile; fileRef = 019A5062222F62DA00306810 /* Main.storyboard */; };
		019A5066222F62DD00306810 /* Assets.xcassets in Resources */ = {isa = PBXBuildFile; fileRef = 019A5065222F62DD00306810 /* Assets.xcassets */; };
		019A5069222F62DD00306810 /* LaunchScreen.storyboard in Resources */ = {isa = PBXBuildFile; fileRef = 019A5067222F62DD00306810 /* LaunchScreen.storyboard */; };
		019A5074222F62DE00306810 /* NaverMap_DemoTests.swift in Sources */ = {isa = PBXBuildFile; fileRef = 019A5073222F62DE00306810 /* NaverMap_DemoTests.swift */; };
		019A507F222F62DE00306810 /* NaverMap_DemoUITests.swift in Sources */ = {isa = PBXBuildFile; fileRef = 019A507E222F62DE00306810 /* NaverMap_DemoUITests.swift */; };
		6E22A3D77B8CAA34A5AB8055 /* Pods_NaverMap_DemoUITests.framework in Frameworks */ = {isa = PBXBuildFile; fileRef = A04B37941357CA323D320E34 /* Pods_NaverMap_DemoUITests.framework */; };
		B1B6CED132044DC8D6472989 /* Pods_NaverMap_DemoTests.framework in Frameworks */ = {isa = PBXBuildFile; fileRef = 78FD08117D7AF063E129F22A /* Pods_NaverMap_DemoTests.framework */; };
		FDD3D146AD4E1F0829818ED6 /* Pods_NaverMap_Demo.framework in Frameworks */ = {isa = PBXBuildFile; fileRef = 38A8FEEB2F2FB146C3DF77A8 /* Pods_NaverMap_Demo.framework */; };
/* End PBXBuildFile section */

/* Begin PBXContainerItemProxy section */
		019A5070222F62DE00306810 /* PBXContainerItemProxy */ = {
			isa = PBXContainerItemProxy;
			containerPortal = 019A5053222F62DA00306810 /* Project object */;
			proxyType = 1;
			remoteGlobalIDString = 019A505A222F62DA00306810;
			remoteInfo = "NaverMap-Demo";
		};
		019A507B222F62DE00306810 /* PBXContainerItemProxy */ = {
			isa = PBXContainerItemProxy;
			containerPortal = 019A5053222F62DA00306810 /* Project object */;
			proxyType = 1;
			remoteGlobalIDString = 019A505A222F62DA00306810;
			remoteInfo = "NaverMap-Demo";
		};
/* End PBXContainerItemProxy section */

/* Begin PBXFileReference section */
		019A505B222F62DA00306810 /* NaverMap-Demo.app */ = {isa = PBXFileReference; explicitFileType = wrapper.application; includeInIndex = 0; path = "NaverMap-Demo.app"; sourceTree = BUILT_PRODUCTS_DIR; };
		019A505E222F62DA00306810 /* AppDelegate.swift */ = {isa = PBXFileReference; lastKnownFileType = sourcecode.swift; path = AppDelegate.swift; sourceTree = "<group>"; };
		019A5060222F62DA00306810 /* ViewController.swift */ = {isa = PBXFileReference; lastKnownFileType = sourcecode.swift; path = ViewController.swift; sourceTree = "<group>"; };
		019A5063222F62DA00306810 /* Base */ = {isa = PBXFileReference; lastKnownFileType = file.storyboard; name = Base; path = Base.lproj/Main.storyboard; sourceTree = "<group>"; };
		019A5065222F62DD00306810 /* Assets.xcassets */ = {isa = PBXFileReference; lastKnownFileType = folder.assetcatalog; path = Assets.xcassets; sourceTree = "<group>"; };
		019A5068222F62DD00306810 /* Base */ = {isa = PBXFileReference; lastKnownFileType = file.storyboard; name = Base; path = Base.lproj/LaunchScreen.storyboard; sourceTree = "<group>"; };
		019A506A222F62DD00306810 /* Info.plist */ = {isa = PBXFileReference; lastKnownFileType = text.plist.xml; path = Info.plist; sourceTree = "<group>"; };
		019A506F222F62DE00306810 /* NaverMap-DemoTests.xctest */ = {isa = PBXFileReference; explicitFileType = wrapper.cfbundle; includeInIndex = 0; path = "NaverMap-DemoTests.xctest"; sourceTree = BUILT_PRODUCTS_DIR; };
		019A5073222F62DE00306810 /* NaverMap_DemoTests.swift */ = {isa = PBXFileReference; lastKnownFileType = sourcecode.swift; path = NaverMap_DemoTests.swift; sourceTree = "<group>"; };
		019A5075222F62DE00306810 /* Info.plist */ = {isa = PBXFileReference; lastKnownFileType = text.plist.xml; path = Info.plist; sourceTree = "<group>"; };
		019A507A222F62DE00306810 /* NaverMap-DemoUITests.xctest */ = {isa = PBXFileReference; explicitFileType = wrapper.cfbundle; includeInIndex = 0; path = "NaverMap-DemoUITests.xctest"; sourceTree = BUILT_PRODUCTS_DIR; };
		019A507E222F62DE00306810 /* NaverMap_DemoUITests.swift */ = {isa = PBXFileReference; lastKnownFileType = sourcecode.swift; path = NaverMap_DemoUITests.swift; sourceTree = "<group>"; };
		019A5080222F62DE00306810 /* Info.plist */ = {isa = PBXFileReference; lastKnownFileType = text.plist.xml; path = Info.plist; sourceTree = "<group>"; };
		38A8FEEB2F2FB146C3DF77A8 /* Pods_NaverMap_Demo.framework */ = {isa = PBXFileReference; explicitFileType = wrapper.framework; includeInIndex = 0; path = Pods_NaverMap_Demo.framework; sourceTree = BUILT_PRODUCTS_DIR; };
		41CA8B0D859608D1AC88F0AB /* Pods-NaverMap-DemoUITests.debug.xcconfig */ = {isa = PBXFileReference; includeInIndex = 1; lastKnownFileType = text.xcconfig; name = "Pods-NaverMap-DemoUITests.debug.xcconfig"; path = "Target Support Files/Pods-NaverMap-DemoUITests/Pods-NaverMap-DemoUITests.debug.xcconfig"; sourceTree = "<group>"; };
		68B65F2B538FD401F73C159D /* Pods-NaverMap-DemoTests.release.xcconfig */ = {isa = PBXFileReference; includeInIndex = 1; lastKnownFileType = text.xcconfig; name = "Pods-NaverMap-DemoTests.release.xcconfig"; path = "Target Support Files/Pods-NaverMap-DemoTests/Pods-NaverMap-DemoTests.release.xcconfig"; sourceTree = "<group>"; };
		70CE2B943CCDB84C596EC04D /* Pods-NaverMap-Demo.debug.xcconfig */ = {isa = PBXFileReference; includeInIndex = 1; lastKnownFileType = text.xcconfig; name = "Pods-NaverMap-Demo.debug.xcconfig"; path = "Target Support Files/Pods-NaverMap-Demo/Pods-NaverMap-Demo.debug.xcconfig"; sourceTree = "<group>"; };
		78FD08117D7AF063E129F22A /* Pods_NaverMap_DemoTests.framework */ = {isa = PBXFileReference; explicitFileType = wrapper.framework; includeInIndex = 0; path = Pods_NaverMap_DemoTests.framework; sourceTree = BUILT_PRODUCTS_DIR; };
		7FE59CCBF8B89E92691734FB /* Pods-NaverMap-DemoTests.debug.xcconfig */ = {isa = PBXFileReference; includeInIndex = 1; lastKnownFileType = text.xcconfig; name = "Pods-NaverMap-DemoTests.debug.xcconfig"; path = "Target Support Files/Pods-NaverMap-DemoTests/Pods-NaverMap-DemoTests.debug.xcconfig"; sourceTree = "<group>"; };
		A04B37941357CA323D320E34 /* Pods_NaverMap_DemoUITests.framework */ = {isa = PBXFileReference; explicitFileType = wrapper.framework; includeInIndex = 0; path = Pods_NaverMap_DemoUITests.framework; sourceTree = BUILT_PRODUCTS_DIR; };
		D2A8DC27117EA012CC9F2F6C /* Pods-NaverMap-Demo.release.xcconfig */ = {isa = PBXFileReference; includeInIndex = 1; lastKnownFileType = text.xcconfig; name = "Pods-NaverMap-Demo.release.xcconfig"; path = "Target Support Files/Pods-NaverMap-Demo/Pods-NaverMap-Demo.release.xcconfig"; sourceTree = "<group>"; };
		D2DC7DE5BA79CBD538124D0B /* Pods-NaverMap-DemoUITests.release.xcconfig */ = {isa = PBXFileReference; includeInIndex = 1; lastKnownFileType = text.xcconfig; name = "Pods-NaverMap-DemoUITests.release.xcconfig"; path = "Target Support Files/Pods-NaverMap-DemoUITests/Pods-NaverMap-DemoUITests.release.xcconfig"; sourceTree = "<group>"; };
/* End PBXFileReference section */

/* Begin PBXFrameworksBuildPhase section */
		019A5058222F62DA00306810 /* Frameworks */ = {
			isa = PBXFrameworksBuildPhase;
			buildActionMask = 2147483647;
			files = (
				FDD3D146AD4E1F0829818ED6 /* Pods_NaverMap_Demo.framework in Frameworks */,
			);
			runOnlyForDeploymentPostprocessing = 0;
		};
		019A506C222F62DE00306810 /* Frameworks */ = {
			isa = PBXFrameworksBuildPhase;
			buildActionMask = 2147483647;
			files = (
				B1B6CED132044DC8D6472989 /* Pods_NaverMap_DemoTests.framework in Frameworks */,
			);
			runOnlyForDeploymentPostprocessing = 0;
		};
		019A5077222F62DE00306810 /* Frameworks */ = {
			isa = PBXFrameworksBuildPhase;
			buildActionMask = 2147483647;
			files = (
				6E22A3D77B8CAA34A5AB8055 /* Pods_NaverMap_DemoUITests.framework in Frameworks */,
			);
			runOnlyForDeploymentPostprocessing = 0;
		};
/* End PBXFrameworksBuildPhase section */

/* Begin PBXGroup section */
		019A5052222F62DA00306810 = {
			isa = PBXGroup;
			children = (
				019A505D222F62DA00306810 /* NaverMap-Demo */,
				019A5072222F62DE00306810 /* NaverMap-DemoTests */,
				019A507D222F62DE00306810 /* NaverMap-DemoUITests */,
				019A505C222F62DA00306810 /* Products */,
				889443F1A05DF96047FB1F97 /* Pods */,
				0C80E59B6B6F906EDC072AF5 /* Frameworks */,
			);
			sourceTree = "<group>";
		};
		019A505C222F62DA00306810 /* Products */ = {
			isa = PBXGroup;
			children = (
				019A505B222F62DA00306810 /* NaverMap-Demo.app */,
				019A506F222F62DE00306810 /* NaverMap-DemoTests.xctest */,
				019A507A222F62DE00306810 /* NaverMap-DemoUITests.xctest */,
			);
			name = Products;
			sourceTree = "<group>";
		};
		019A505D222F62DA00306810 /* NaverMap-Demo */ = {
			isa = PBXGroup;
			children = (
				019A505E222F62DA00306810 /* AppDelegate.swift */,
				019A5060222F62DA00306810 /* ViewController.swift */,
				019A5062222F62DA00306810 /* Main.storyboard */,
				019A5065222F62DD00306810 /* Assets.xcassets */,
				019A5067222F62DD00306810 /* LaunchScreen.storyboard */,
				019A506A222F62DD00306810 /* Info.plist */,
			);
			path = "NaverMap-Demo";
			sourceTree = "<group>";
		};
		019A5072222F62DE00306810 /* NaverMap-DemoTests */ = {
			isa = PBXGroup;
			children = (
				019A5073222F62DE00306810 /* NaverMap_DemoTests.swift */,
				019A5075222F62DE00306810 /* Info.plist */,
			);
			path = "NaverMap-DemoTests";
			sourceTree = "<group>";
		};
		019A507D222F62DE00306810 /* NaverMap-DemoUITests */ = {
			isa = PBXGroup;
			children = (
				019A507E222F62DE00306810 /* NaverMap_DemoUITests.swift */,
				019A5080222F62DE00306810 /* Info.plist */,
			);
			path = "NaverMap-DemoUITests";
			sourceTree = "<group>";
		};
		0C80E59B6B6F906EDC072AF5 /* Frameworks */ = {
			isa = PBXGroup;
			children = (
				38A8FEEB2F2FB146C3DF77A8 /* Pods_NaverMap_Demo.framework */,
				78FD08117D7AF063E129F22A /* Pods_NaverMap_DemoTests.framework */,
				A04B37941357CA323D320E34 /* Pods_NaverMap_DemoUITests.framework */,
			);
			name = Frameworks;
			sourceTree = "<group>";
		};
		889443F1A05DF96047FB1F97 /* Pods */ = {
			isa = PBXGroup;
			children = (
				70CE2B943CCDB84C596EC04D /* Pods-NaverMap-Demo.debug.xcconfig */,
				D2A8DC27117EA012CC9F2F6C /* Pods-NaverMap-Demo.release.xcconfig */,
				7FE59CCBF8B89E92691734FB /* Pods-NaverMap-DemoTests.debug.xcconfig */,
				68B65F2B538FD401F73C159D /* Pods-NaverMap-DemoTests.release.xcconfig */,
				41CA8B0D859608D1AC88F0AB /* Pods-NaverMap-DemoUITests.debug.xcconfig */,
				D2DC7DE5BA79CBD538124D0B /* Pods-NaverMap-DemoUITests.release.xcconfig */,
			);
			path = Pods;
			sourceTree = "<group>";
		};
/* End PBXGroup section */

/* Begin PBXNativeTarget section */
		019A505A222F62DA00306810 /* NaverMap-Demo */ = {
			isa = PBXNativeTarget;
			buildConfigurationList = 019A5083222F62DE00306810 /* Build configuration list for PBXNativeTarget "NaverMap-Demo" */;
			buildPhases = (
				DB7D11B575E1E77EB438FA69 /* [CP] Check Pods Manifest.lock */,
				019A5057222F62DA00306810 /* Sources */,
				019A5058222F62DA00306810 /* Frameworks */,
				019A5059222F62DA00306810 /* Resources */,
				00F74E684F778C4EE7C2B853 /* [CP] Embed Pods Frameworks */,
			);
			buildRules = (
			);
			dependencies = (
			);
			name = "NaverMap-Demo";
			productName = "NaverMap-Demo";
			productReference = 019A505B222F62DA00306810 /* NaverMap-Demo.app */;
			productType = "com.apple.product-type.application";
		};
		019A506E222F62DE00306810 /* NaverMap-DemoTests */ = {
			isa = PBXNativeTarget;
			buildConfigurationList = 019A5086222F62DE00306810 /* Build configuration list for PBXNativeTarget "NaverMap-DemoTests" */;
			buildPhases = (
				6E5C657793240B85F55C7C17 /* [CP] Check Pods Manifest.lock */,
				019A506B222F62DE00306810 /* Sources */,
				019A506C222F62DE00306810 /* Frameworks */,
				019A506D222F62DE00306810 /* Resources */,
			);
			buildRules = (
			);
			dependencies = (
				019A5071222F62DE00306810 /* PBXTargetDependency */,
			);
			name = "NaverMap-DemoTests";
			productName = "NaverMap-DemoTests";
			productReference = 019A506F222F62DE00306810 /* NaverMap-DemoTests.xctest */;
			productType = "com.apple.product-type.bundle.unit-test";
		};
		019A5079222F62DE00306810 /* NaverMap-DemoUITests */ = {
			isa = PBXNativeTarget;
			buildConfigurationList = 019A5089222F62DE00306810 /* Build configuration list for PBXNativeTarget "NaverMap-DemoUITests" */;
			buildPhases = (
				5A2D9D5A673340F6D885F485 /* [CP] Check Pods Manifest.lock */,
				019A5076222F62DE00306810 /* Sources */,
				019A5077222F62DE00306810 /* Frameworks */,
				019A5078222F62DE00306810 /* Resources */,
			);
			buildRules = (
			);
			dependencies = (
				019A507C222F62DE00306810 /* PBXTargetDependency */,
			);
			name = "NaverMap-DemoUITests";
			productName = "NaverMap-DemoUITests";
			productReference = 019A507A222F62DE00306810 /* NaverMap-DemoUITests.xctest */;
			productType = "com.apple.product-type.bundle.ui-testing";
		};
/* End PBXNativeTarget section */

/* Begin PBXProject section */
		019A5053222F62DA00306810 /* Project object */ = {
			isa = PBXProject;
			attributes = {
				LastSwiftUpdateCheck = 1010;
				LastUpgradeCheck = 1010;
				ORGANIZATIONNAME = corn;
				TargetAttributes = {
					019A505A222F62DA00306810 = {
						CreatedOnToolsVersion = 10.1;
					};
					019A506E222F62DE00306810 = {
						CreatedOnToolsVersion = 10.1;
						TestTargetID = 019A505A222F62DA00306810;
					};
					019A5079222F62DE00306810 = {
						CreatedOnToolsVersion = 10.1;
						TestTargetID = 019A505A222F62DA00306810;
					};
				};
			};
			buildConfigurationList = 019A5056222F62DA00306810 /* Build configuration list for PBXProject "NaverMap-Demo" */;
			compatibilityVersion = "Xcode 9.3";
			developmentRegion = en;
			hasScannedForEncodings = 0;
			knownRegions = (
				en,
				Base,
			);
			mainGroup = 019A5052222F62DA00306810;
			productRefGroup = 019A505C222F62DA00306810 /* Products */;
			projectDirPath = "";
			projectRoot = "";
			targets = (
				019A505A222F62DA00306810 /* NaverMap-Demo */,
				019A506E222F62DE00306810 /* NaverMap-DemoTests */,
				019A5079222F62DE00306810 /* NaverMap-DemoUITests */,
			);
		};
/* End PBXProject section */

/* Begin PBXResourcesBuildPhase section */
		019A5059222F62DA00306810 /* Resources */ = {
			isa = PBXResourcesBuildPhase;
			buildActionMask = 2147483647;
			files = (
				019A5069222F62DD00306810 /* LaunchScreen.storyboard in Resources */,
				019A5066222F62DD00306810 /* Assets.xcassets in Resources */,
				019A5064222F62DA00306810 /* Main.storyboard in Resources */,
			);
			runOnlyForDeploymentPostprocessing = 0;
		};
		019A506D222F62DE00306810 /* Resources */ = {
			isa = PBXResourcesBuildPhase;
			buildActionMask = 2147483647;
			files = (
			);
			runOnlyForDeploymentPostprocessing = 0;
		};
		019A5078222F62DE00306810 /* Resources */ = {
			isa = PBXResourcesBuildPhase;
			buildActionMask = 2147483647;
			files = (
			);
			runOnlyForDeploymentPostprocessing = 0;
		};
/* End PBXResourcesBuildPhase section */

/* Begin PBXShellScriptBuildPhase section */
		00F74E684F778C4EE7C2B853 /* [CP] Embed Pods Frameworks */ = {
			isa = PBXShellScriptBuildPhase;
			buildActionMask = 2147483647;
			files = (
			);
			inputFileListPaths = (
			);
			inputPaths = (
				"${PODS_ROOT}/Target Support Files/Pods-NaverMap-Demo/Pods-NaverMap-Demo-frameworks.sh",
				"${PODS_ROOT}/NMapsMap/framework/NMapsMap.framework",
			);
			name = "[CP] Embed Pods Frameworks";
			outputFileListPaths = (
			);
			outputPaths = (
				"${TARGET_BUILD_DIR}/${FRAMEWORKS_FOLDER_PATH}/NMapsMap.framework",
			);
			runOnlyForDeploymentPostprocessing = 0;
			shellPath = /bin/sh;
			shellScript = "\"${PODS_ROOT}/Target Support Files/Pods-NaverMap-Demo/Pods-NaverMap-Demo-frameworks.sh\"\n";
			showEnvVarsInLog = 0;
		};
		5A2D9D5A673340F6D885F485 /* [CP] Check Pods Manifest.lock */ = {
			isa = PBXShellScriptBuildPhase;
			buildActionMask = 2147483647;
			files = (
			);
			inputFileListPaths = (
			);
			inputPaths = (
				"${PODS_PODFILE_DIR_PATH}/Podfile.lock",
				"${PODS_ROOT}/Manifest.lock",
			);
			name = "[CP] Check Pods Manifest.lock";
			outputFileListPaths = (
			);
			outputPaths = (
				"$(DERIVED_FILE_DIR)/Pods-NaverMap-DemoUITests-checkManifestLockResult.txt",
			);
			runOnlyForDeploymentPostprocessing = 0;
			shellPath = /bin/sh;
			shellScript = "diff \"${PODS_PODFILE_DIR_PATH}/Podfile.lock\" \"${PODS_ROOT}/Manifest.lock\" > /dev/null\nif [ $? != 0 ] ; then\n    # print error to STDERR\n    echo \"error: The sandbox is not in sync with the Podfile.lock. Run 'pod install' or update your CocoaPods installation.\" >&2\n    exit 1\nfi\n# This output is used by Xcode 'outputs' to avoid re-running this script phase.\necho \"SUCCESS\" > \"${SCRIPT_OUTPUT_FILE_0}\"\n";
			showEnvVarsInLog = 0;
		};
		6E5C657793240B85F55C7C17 /* [CP] Check Pods Manifest.lock */ = {
			isa = PBXShellScriptBuildPhase;
			buildActionMask = 2147483647;
			files = (
			);
			inputFileListPaths = (
			);
			inputPaths = (
				"${PODS_PODFILE_DIR_PATH}/Podfile.lock",
				"${PODS_ROOT}/Manifest.lock",
			);
			name = "[CP] Check Pods Manifest.lock";
			outputFileListPaths = (
			);
			outputPaths = (
				"$(DERIVED_FILE_DIR)/Pods-NaverMap-DemoTests-checkManifestLockResult.txt",
			);
			runOnlyForDeploymentPostprocessing = 0;
			shellPath = /bin/sh;
			shellScript = "diff \"${PODS_PODFILE_DIR_PATH}/Podfile.lock\" \"${PODS_ROOT}/Manifest.lock\" > /dev/null\nif [ $? != 0 ] ; then\n    # print error to STDERR\n    echo \"error: The sandbox is not in sync with the Podfile.lock. Run 'pod install' or update your CocoaPods installation.\" >&2\n    exit 1\nfi\n# This output is used by Xcode 'outputs' to avoid re-running this script phase.\necho \"SUCCESS\" > \"${SCRIPT_OUTPUT_FILE_0}\"\n";
			showEnvVarsInLog = 0;
		};
		DB7D11B575E1E77EB438FA69 /* [CP] Check Pods Manifest.lock */ = {
			isa = PBXShellScriptBuildPhase;
			buildActionMask = 2147483647;
			files = (
			);
			inputFileListPaths = (
			);
			inputPaths = (
				"${PODS_PODFILE_DIR_PATH}/Podfile.lock",
				"${PODS_ROOT}/Manifest.lock",
			);
			name = "[CP] Check Pods Manifest.lock";
			outputFileListPaths = (
			);
			outputPaths = (
				"$(DERIVED_FILE_DIR)/Pods-NaverMap-Demo-checkManifestLockResult.txt",
			);
			runOnlyForDeploymentPostprocessing = 0;
			shellPath = /bin/sh;
			shellScript = "diff \"${PODS_PODFILE_DIR_PATH}/Podfile.lock\" \"${PODS_ROOT}/Manifest.lock\" > /dev/null\nif [ $? != 0 ] ; then\n    # print error to STDERR\n    echo \"error: The sandbox is not in sync with the Podfile.lock. Run 'pod install' or update your CocoaPods installation.\" >&2\n    exit 1\nfi\n# This output is used by Xcode 'outputs' to avoid re-running this script phase.\necho \"SUCCESS\" > \"${SCRIPT_OUTPUT_FILE_0}\"\n";
			showEnvVarsInLog = 0;
		};
/* End PBXShellScriptBuildPhase section */

/* Begin PBXSourcesBuildPhase section */
		019A5057222F62DA00306810 /* Sources */ = {
			isa = PBXSourcesBuildPhase;
			buildActionMask = 2147483647;
			files = (
				019A5061222F62DA00306810 /* ViewController.swift in Sources */,
				019A505F222F62DA00306810 /* AppDelegate.swift in Sources */,
			);
			runOnlyForDeploymentPostprocessing = 0;
		};
		019A506B222F62DE00306810 /* Sources */ = {
			isa = PBXSourcesBuildPhase;
			buildActionMask = 2147483647;
			files = (
				019A5074222F62DE00306810 /* NaverMap_DemoTests.swift in Sources */,
			);
			runOnlyForDeploymentPostprocessing = 0;
		};
		019A5076222F62DE00306810 /* Sources */ = {
			isa = PBXSourcesBuildPhase;
			buildActionMask = 2147483647;
			files = (
				019A507F222F62DE00306810 /* NaverMap_DemoUITests.swift in Sources */,
			);
			runOnlyForDeploymentPostprocessing = 0;
		};
/* End PBXSourcesBuildPhase section */

/* Begin PBXTargetDependency section */
		019A5071222F62DE00306810 /* PBXTargetDependency */ = {
			isa = PBXTargetDependency;
			target = 019A505A222F62DA00306810 /* NaverMap-Demo */;
			targetProxy = 019A5070222F62DE00306810 /* PBXContainerItemProxy */;
		};
		019A507C222F62DE00306810 /* PBXTargetDependency */ = {
			isa = PBXTargetDependency;
			target = 019A505A222F62DA00306810 /* NaverMap-Demo */;
			targetProxy = 019A507B222F62DE00306810 /* PBXContainerItemProxy */;
		};
/* End PBXTargetDependency section */

/* Begin PBXVariantGroup section */
		019A5062222F62DA00306810 /* Main.storyboard */ = {
			isa = PBXVariantGroup;
			children = (
				019A5063222F62DA00306810 /* Base */,
			);
			name = Main.storyboard;
			sourceTree = "<group>";
		};
		019A5067222F62DD00306810 /* LaunchScreen.storyboard */ = {
			isa = PBXVariantGroup;
			children = (
				019A5068222F62DD00306810 /* Base */,
			);
			name = LaunchScreen.storyboard;
			sourceTree = "<group>";
		};
/* End PBXVariantGroup section */

/* Begin XCBuildConfiguration section */
		019A5081222F62DE00306810 /* Debug */ = {
			isa = XCBuildConfiguration;
			buildSettings = {
				ALWAYS_SEARCH_USER_PATHS = NO;
				CLANG_ANALYZER_NONNULL = YES;
				CLANG_ANALYZER_NUMBER_OBJECT_CONVERSION = YES_AGGRESSIVE;
				CLANG_CXX_LANGUAGE_STANDARD = "gnu++14";
				CLANG_CXX_LIBRARY = "libc++";
				CLANG_ENABLE_MODULES = YES;
				CLANG_ENABLE_OBJC_ARC = YES;
				CLANG_ENABLE_OBJC_WEAK = YES;
				CLANG_WARN_BLOCK_CAPTURE_AUTORELEASING = YES;
				CLANG_WARN_BOOL_CONVERSION = YES;
				CLANG_WARN_COMMA = YES;
				CLANG_WARN_CONSTANT_CONVERSION = YES;
				CLANG_WARN_DEPRECATED_OBJC_IMPLEMENTATIONS = YES;
				CLANG_WARN_DIRECT_OBJC_ISA_USAGE = YES_ERROR;
				CLANG_WARN_DOCUMENTATION_COMMENTS = YES;
				CLANG_WARN_EMPTY_BODY = YES;
				CLANG_WARN_ENUM_CONVERSION = YES;
				CLANG_WARN_INFINITE_RECURSION = YES;
				CLANG_WARN_INT_CONVERSION = YES;
				CLANG_WARN_NON_LITERAL_NULL_CONVERSION = YES;
				CLANG_WARN_OBJC_IMPLICIT_RETAIN_SELF = YES;
				CLANG_WARN_OBJC_LITERAL_CONVERSION = YES;
				CLANG_WARN_OBJC_ROOT_CLASS = YES_ERROR;
				CLANG_WARN_RANGE_LOOP_ANALYSIS = YES;
				CLANG_WARN_STRICT_PROTOTYPES = YES;
				CLANG_WARN_SUSPICIOUS_MOVE = YES;
				CLANG_WARN_UNGUARDED_AVAILABILITY = YES_AGGRESSIVE;
				CLANG_WARN_UNREACHABLE_CODE = YES;
				CLANG_WARN__DUPLICATE_METHOD_MATCH = YES;
				CODE_SIGN_IDENTITY = "iPhone Developer";
				COPY_PHASE_STRIP = NO;
				DEBUG_INFORMATION_FORMAT = dwarf;
				ENABLE_STRICT_OBJC_MSGSEND = YES;
				ENABLE_TESTABILITY = YES;
				GCC_C_LANGUAGE_STANDARD = gnu11;
				GCC_DYNAMIC_NO_PIC = NO;
				GCC_NO_COMMON_BLOCKS = YES;
				GCC_OPTIMIZATION_LEVEL = 0;
				GCC_PREPROCESSOR_DEFINITIONS = (
					"DEBUG=1",
					"$(inherited)",
				);
				GCC_WARN_64_TO_32_BIT_CONVERSION = YES;
				GCC_WARN_ABOUT_RETURN_TYPE = YES_ERROR;
				GCC_WARN_UNDECLARED_SELECTOR = YES;
				GCC_WARN_UNINITIALIZED_AUTOS = YES_AGGRESSIVE;
				GCC_WARN_UNUSED_FUNCTION = YES;
				GCC_WARN_UNUSED_VARIABLE = YES;
				IPHONEOS_DEPLOYMENT_TARGET = 12.1;
				MTL_ENABLE_DEBUG_INFO = INCLUDE_SOURCE;
				MTL_FAST_MATH = YES;
				ONLY_ACTIVE_ARCH = YES;
				SDKROOT = iphoneos;
				SWIFT_ACTIVE_COMPILATION_CONDITIONS = DEBUG;
				SWIFT_OPTIMIZATION_LEVEL = "-Onone";
			};
			name = Debug;
		};
		019A5082222F62DE00306810 /* Release */ = {
			isa = XCBuildConfiguration;
			buildSettings = {
				ALWAYS_SEARCH_USER_PATHS = NO;
				CLANG_ANALYZER_NONNULL = YES;
				CLANG_ANALYZER_NUMBER_OBJECT_CONVERSION = YES_AGGRESSIVE;
				CLANG_CXX_LANGUAGE_STANDARD = "gnu++14";
				CLANG_CXX_LIBRARY = "libc++";
				CLANG_ENABLE_MODULES = YES;
				CLANG_ENABLE_OBJC_ARC = YES;
				CLANG_ENABLE_OBJC_WEAK = YES;
				CLANG_WARN_BLOCK_CAPTURE_AUTORELEASING = YES;
				CLANG_WARN_BOOL_CONVERSION = YES;
				CLANG_WARN_COMMA = YES;
				CLANG_WARN_CONSTANT_CONVERSION = YES;
				CLANG_WARN_DEPRECATED_OBJC_IMPLEMENTATIONS = YES;
				CLANG_WARN_DIRECT_OBJC_ISA_USAGE = YES_ERROR;
				CLANG_WARN_DOCUMENTATION_COMMENTS = YES;
				CLANG_WARN_EMPTY_BODY = YES;
				CLANG_WARN_ENUM_CONVERSION = YES;
				CLANG_WARN_INFINITE_RECURSION = YES;
				CLANG_WARN_INT_CONVERSION = YES;
				CLANG_WARN_NON_LITERAL_NULL_CONVERSION = YES;
				CLANG_WARN_OBJC_IMPLICIT_RETAIN_SELF = YES;
				CLANG_WARN_OBJC_LITERAL_CONVERSION = YES;
				CLANG_WARN_OBJC_ROOT_CLASS = YES_ERROR;
				CLANG_WARN_RANGE_LOOP_ANALYSIS = YES;
				CLANG_WARN_STRICT_PROTOTYPES = YES;
				CLANG_WARN_SUSPICIOUS_MOVE = YES;
				CLANG_WARN_UNGUARDED_AVAILABILITY = YES_AGGRESSIVE;
				CLANG_WARN_UNREACHABLE_CODE = YES;
				CLANG_WARN__DUPLICATE_METHOD_MATCH = YES;
				CODE_SIGN_IDENTITY = "iPhone Developer";
				COPY_PHASE_STRIP = NO;
				DEBUG_INFORMATION_FORMAT = "dwarf-with-dsym";
				ENABLE_NS_ASSERTIONS = NO;
				ENABLE_STRICT_OBJC_MSGSEND = YES;
				GCC_C_LANGUAGE_STANDARD = gnu11;
				GCC_NO_COMMON_BLOCKS = YES;
				GCC_WARN_64_TO_32_BIT_CONVERSION = YES;
				GCC_WARN_ABOUT_RETURN_TYPE = YES_ERROR;
				GCC_WARN_UNDECLARED_SELECTOR = YES;
				GCC_WARN_UNINITIALIZED_AUTOS = YES_AGGRESSIVE;
				GCC_WARN_UNUSED_FUNCTION = YES;
				GCC_WARN_UNUSED_VARIABLE = YES;
				IPHONEOS_DEPLOYMENT_TARGET = 12.1;
				MTL_ENABLE_DEBUG_INFO = NO;
				MTL_FAST_MATH = YES;
				SDKROOT = iphoneos;
				SWIFT_COMPILATION_MODE = wholemodule;
				SWIFT_OPTIMIZATION_LEVEL = "-O";
				VALIDATE_PRODUCT = YES;
			};
			name = Release;
		};
		019A5084222F62DE00306810 /* Debug */ = {
			isa = XCBuildConfiguration;
			baseConfigurationReference = 70CE2B943CCDB84C596EC04D /* Pods-NaverMap-Demo.debug.xcconfig */;
			buildSettings = {
				ASSETCATALOG_COMPILER_APPICON_NAME = AppIcon;
				CODE_SIGN_STYLE = Automatic;
				DEVELOPMENT_TEAM = SCHCN3R38K;
				ENABLE_BITCODE = NO;
				INFOPLIST_FILE = "NaverMap-Demo/Info.plist";
				IPHONEOS_DEPLOYMENT_TARGET = 9.0;
				LD_RUNPATH_SEARCH_PATHS = (
					"$(inherited)",
					"@executable_path/Frameworks",
				);
				PRODUCT_BUNDLE_IDENTIFIER = "asia.fast-track.naverMapV3Demo";
				PRODUCT_NAME = "$(TARGET_NAME)";
				SWIFT_VERSION = 4.2;
				TARGETED_DEVICE_FAMILY = 1;
			};
			name = Debug;
		};
		019A5085222F62DE00306810 /* Release */ = {
			isa = XCBuildConfiguration;
			baseConfigurationReference = D2A8DC27117EA012CC9F2F6C /* Pods-NaverMap-Demo.release.xcconfig */;
			buildSettings = {
				ASSETCATALOG_COMPILER_APPICON_NAME = AppIcon;
				CODE_SIGN_STYLE = Automatic;
				DEVELOPMENT_TEAM = SCHCN3R38K;
				ENABLE_BITCODE = NO;
				INFOPLIST_FILE = "NaverMap-Demo/Info.plist";
				IPHONEOS_DEPLOYMENT_TARGET = 9.0;
				LD_RUNPATH_SEARCH_PATHS = (
					"$(inherited)",
					"@executable_path/Frameworks",
				);
				PRODUCT_BUNDLE_IDENTIFIER = "asia.fast-track.naverMapV3Demo";
				PRODUCT_NAME = "$(TARGET_NAME)";
				SWIFT_VERSION = 4.2;
				TARGETED_DEVICE_FAMILY = 1;
			};
			name = Release;
		};
		019A5087222F62DE00306810 /* Debug */ = {
			isa = XCBuildConfiguration;
			baseConfigurationReference = 7FE59CCBF8B89E92691734FB /* Pods-NaverMap-DemoTests.debug.xcconfig */;
			buildSettings = {
				ALWAYS_EMBED_SWIFT_STANDARD_LIBRARIES = YES;
				BUNDLE_LOADER = "$(TEST_HOST)";
				CODE_SIGN_STYLE = Automatic;
				DEVELOPMENT_TEAM = SCHCN3R38K;
				INFOPLIST_FILE = "NaverMap-DemoTests/Info.plist";
				LD_RUNPATH_SEARCH_PATHS = (
					"$(inherited)",
					"@executable_path/Frameworks",
					"@loader_path/Frameworks",
				);
				PRODUCT_BUNDLE_IDENTIFIER = "corn.NaverMap-DemoTests";
				PRODUCT_NAME = "$(TARGET_NAME)";
				SWIFT_VERSION = 4.2;
				TARGETED_DEVICE_FAMILY = "1,2";
				TEST_HOST = "$(BUILT_PRODUCTS_DIR)/NaverMap-Demo.app/NaverMap-Demo";
			};
			name = Debug;
		};
		019A5088222F62DE00306810 /* Release */ = {
			isa = XCBuildConfiguration;
			baseConfigurationReference = 68B65F2B538FD401F73C159D /* Pods-NaverMap-DemoTests.release.xcconfig */;
			buildSettings = {
				ALWAYS_EMBED_SWIFT_STANDARD_LIBRARIES = YES;
				BUNDLE_LOADER = "$(TEST_HOST)";
				CODE_SIGN_STYLE = Automatic;
				DEVELOPMENT_TEAM = SCHCN3R38K;
				INFOPLIST_FILE = "NaverMap-DemoTests/Info.plist";
				LD_RUNPATH_SEARCH_PATHS = (
					"$(inherited)",
					"@executable_path/Frameworks",
					"@loader_path/Frameworks",
				);
				PRODUCT_BUNDLE_IDENTIFIER = "corn.NaverMap-DemoTests";
				PRODUCT_NAME = "$(TARGET_NAME)";
				SWIFT_VERSION = 4.2;
				TARGETED_DEVICE_FAMILY = "1,2";
				TEST_HOST = "$(BUILT_PRODUCTS_DIR)/NaverMap-Demo.app/NaverMap-Demo";
			};
			name = Release;
		};
		019A508A222F62DE00306810 /* Debug */ = {
			isa = XCBuildConfiguration;
			baseConfigurationReference = 41CA8B0D859608D1AC88F0AB /* Pods-NaverMap-DemoUITests.debug.xcconfig */;
			buildSettings = {
				ALWAYS_EMBED_SWIFT_STANDARD_LIBRARIES = YES;
				CODE_SIGN_STYLE = Automatic;
				DEVELOPMENT_TEAM = SCHCN3R38K;
				INFOPLIST_FILE = "NaverMap-DemoUITests/Info.plist";
				LD_RUNPATH_SEARCH_PATHS = (
					"$(inherited)",
					"@executable_path/Frameworks",
					"@loader_path/Frameworks",
				);
				PRODUCT_BUNDLE_IDENTIFIER = "corn.NaverMap-DemoUITests";
				PRODUCT_NAME = "$(TARGET_NAME)";
				SWIFT_VERSION = 4.2;
				TARGETED_DEVICE_FAMILY = "1,2";
				TEST_TARGET_NAME = "NaverMap-Demo";
			};
			name = Debug;
		};
		019A508B222F62DE00306810 /* Release */ = {
			isa = XCBuildConfiguration;
			baseConfigurationReference = D2DC7DE5BA79CBD538124D0B /* Pods-NaverMap-DemoUITests.release.xcconfig */;
			buildSettings = {
				ALWAYS_EMBED_SWIFT_STANDARD_LIBRARIES = YES;
				CODE_SIGN_STYLE = Automatic;
				DEVELOPMENT_TEAM = SCHCN3R38K;
				INFOPLIST_FILE = "NaverMap-DemoUITests/Info.plist";
				LD_RUNPATH_SEARCH_PATHS = (
					"$(inherited)",
					"@executable_path/Frameworks",
					"@loader_path/Frameworks",
				);
				PRODUCT_BUNDLE_IDENTIFIER = "corn.NaverMap-DemoUITests";
				PRODUCT_NAME = "$(TARGET_NAME)";
				SWIFT_VERSION = 4.2;
				TARGETED_DEVICE_FAMILY = "1,2";
				TEST_TARGET_NAME = "NaverMap-Demo";
			};
			name = Release;
		};
/* End XCBuildConfiguration section */

/* Begin XCConfigurationList section */
		019A5056222F62DA00306810 /* Build configuration list for PBXProject "NaverMap-Demo" */ = {
			isa = XCConfigurationList;
			buildConfigurations = (
				019A5081222F62DE00306810 /* Debug */,
				019A5082222F62DE00306810 /* Release */,
			);
			defaultConfigurationIsVisible = 0;
			defaultConfigurationName = Release;
		};
		019A5083222F62DE00306810 /* Build configuration list for PBXNativeTarget "NaverMap-Demo" */ = {
			isa = XCConfigurationList;
			buildConfigurations = (
				019A5084222F62DE00306810 /* Debug */,
				019A5085222F62DE00306810 /* Release */,
			);
			defaultConfigurationIsVisible = 0;
			defaultConfigurationName = Release;
		};
		019A5086222F62DE00306810 /* Build configuration list for PBXNativeTarget "NaverMap-DemoTests" */ = {
			isa = XCConfigurationList;
			buildConfigurations = (
				019A5087222F62DE00306810 /* Debug */,
				019A5088222F62DE00306810 /* Release */,
			);
			defaultConfigurationIsVisible = 0;
			defaultConfigurationName = Release;
		};
		019A5089222F62DE00306810 /* Build configuration list for PBXNativeTarget "NaverMap-DemoUITests" */ = {
			isa = XCConfigurationList;
			buildConfigurations = (
				019A508A222F62DE00306810 /* Debug */,
				019A508B222F62DE00306810 /* Release */,
			);
			defaultConfigurationIsVisible = 0;
			defaultConfigurationName = Release;
		};
/* End XCConfigurationList section */
	};
	rootObject = 019A5053222F62DA00306810 /* Project object */;
}
